
Microsoft Visual Studio Solution File, Format Version 12.00
# Visual Studio 14
VisualStudioVersion = 14.0.23107.0
MinimumVisualStudioVersion = 10.0.40219.1
Project("{FAE04EC0-301F-11D3-BF4B-00C04F79EFBC}") = "WorldData", "WorldData\WorldData\WorldData.csproj", "{7B433509-82B7-47C9-A5EC-F9EA79D27446}"
EndProject
Project("{FAE04EC0-301F-11D3-BF4B-00C04F79EFBC}") = "WorldData.iOS", "WorldData\WorldData.iOS\WorldData.iOS.csproj", "{3BA585D9-010A-4A84-AB6E-DDCEE7DB4C35}"
EndProject
Project("{FAE04EC0-301F-11D3-BF4B-00C04F79EFBC}") = "WorldData.Droid", "WorldData\WorldData.Droid\WorldData.Droid.csproj", "{692272F3-D803-4030-9C04-0588CADC0EE9}"
EndProject
Project("{FAE04EC0-301F-11D3-BF4B-00C04F79EFBC}") = "WorldData.WinPhone", "WorldData\WorldData.WinPhone\WorldData.WinPhone.csproj", "{3451CE77-5F27-46D2-BE4A-6A990C736E21}"
EndProject
Global
	GlobalSection(SolutionConfigurationPlatforms) = preSolution
		Ad-Hoc|Any CPU = Ad-Hoc|Any CPU
		Ad-Hoc|ARM = Ad-Hoc|ARM
		Ad-Hoc|iPhone = Ad-Hoc|iPhone
		Ad-Hoc|iPhoneSimulator = Ad-Hoc|iPhoneSimulator
		Ad-Hoc|Mixed Platforms = Ad-Hoc|Mixed Platforms
		Ad-Hoc|x86 = Ad-Hoc|x86
		AppStore|Any CPU = AppStore|Any CPU
		AppStore|ARM = AppStore|ARM
		AppStore|iPhone = AppStore|iPhone
		AppStore|iPhoneSimulator = AppStore|iPhoneSimulator
		AppStore|Mixed Platforms = AppStore|Mixed Platforms
		AppStore|x86 = AppStore|x86
		Debug|Any CPU = Debug|Any CPU
		Debug|ARM = Debug|ARM
		Debug|iPhone = Debug|iPhone
		Debug|iPhoneSimulator = Debug|iPhoneSimulator
		Debug|Mixed Platforms = Debug|Mixed Platforms
		Debug|x86 = Debug|x86
		Release|Any CPU = Release|Any CPU
		Release|ARM = Release|ARM
		Release|iPhone = Release|iPhone
		Release|iPhoneSimulator = Release|iPhoneSimulator
		Release|Mixed Platforms = Release|Mixed Platforms
		Release|x86 = Release|x86
	EndGlobalSection
	GlobalSection(ProjectConfigurationPlatforms) = postSolution
		{7B433509-82B7-47C9-A5EC-F9EA79D27446}.Ad-Hoc|Any CPU.ActiveCfg = Release|Any CPU
		{7B433509-82B7-47C9-A5EC-F9EA79D27446}.Ad-Hoc|Any CPU.Build.0 = Release|Any CPU
		{7B433509-82B7-47C9-A5EC-F9EA79D27446}.Ad-Hoc|ARM.ActiveCfg = Release|Any CPU
		{7B433509-82B7-47C9-A5EC-F9EA79D27446}.Ad-Hoc|iPhone.ActiveCfg = Release|Any CPU
		{7B433509-82B7-47C9-A5EC-F9EA79D27446}.Ad-Hoc|iPhoneSimulator.ActiveCfg = Release|Any CPU
		{7B433509-82B7-47C9-A5EC-F9EA79D27446}.Ad-Hoc|Mixed Platforms.ActiveCfg = Release|Any CPU
		{7B433509-82B7-47C9-A5EC-F9EA79D27446}.Ad-Hoc|Mixed Platforms.Build.0 = Release|Any CPU
		{7B433509-82B7-47C9-A5EC-F9EA79D27446}.Ad-Hoc|x86.ActiveCfg = Release|Any CPU
		{7B433509-82B7-47C9-A5EC-F9EA79D27446}.AppStore|Any CPU.ActiveCfg = Release|Any CPU
		{7B433509-82B7-47C9-A5EC-F9EA79D27446}.AppStore|Any CPU.Build.0 = Release|Any CPU
		{7B433509-82B7-47C9-A5EC-F9EA79D27446}.AppStore|ARM.ActiveCfg = Release|Any CPU
		{7B433509-82B7-47C9-A5EC-F9EA79D27446}.AppStore|iPhone.ActiveCfg = Release|Any CPU
		{7B433509-82B7-47C9-A5EC-F9EA79D27446}.AppStore|iPhoneSimulator.ActiveCfg = Release|Any CPU
		{7B433509-82B7-47C9-A5EC-F9EA79D27446}.AppStore|Mixed Platforms.ActiveCfg = Release|Any CPU
		{7B433509-82B7-47C9-A5EC-F9EA79D27446}.AppStore|Mixed Platforms.Build.0 = Release|Any CPU
		{7B433509-82B7-47C9-A5EC-F9EA79D27446}.AppStore|x86.ActiveCfg = Release|Any CPU
		{7B433509-82B7-47C9-A5EC-F9EA79D27446}.Debug|Any CPU.ActiveCfg = Debug|Any CPU
		{7B433509-82B7-47C9-A5EC-F9EA79D27446}.Debug|Any CPU.Build.0 = Debug|Any CPU
		{7B433509-82B7-47C9-A5EC-F9EA79D27446}.Debug|ARM.ActiveCfg = Debug|Any CPU
		{7B433509-82B7-47C9-A5EC-F9EA79D27446}.Debug|iPhone.ActiveCfg = Debug|Any CPU
		{7B433509-82B7-47C9-A5EC-F9EA79D27446}.Debug|iPhoneSimulator.ActiveCfg = Debug|Any CPU
		{7B433509-82B7-47C9-A5EC-F9EA79D27446}.Debug|iPhoneSimulator.Build.0 = Debug|Any CPU
		{7B433509-82B7-47C9-A5EC-F9EA79D27446}.Debug|Mixed Platforms.ActiveCfg = Debug|Any CPU
		{7B433509-82B7-47C9-A5EC-F9EA79D27446}.Debug|Mixed Platforms.Build.0 = Debug|Any CPU
		{7B433509-82B7-47C9-A5EC-F9EA79D27446}.Debug|x86.ActiveCfg = Debug|Any CPU
		{7B433509-82B7-47C9-A5EC-F9EA79D27446}.Release|Any CPU.ActiveCfg = Release|Any CPU
		{7B433509-82B7-47C9-A5EC-F9EA79D27446}.Release|Any CPU.Build.0 = Release|Any CPU
		{7B433509-82B7-47C9-A5EC-F9EA79D27446}.Release|ARM.ActiveCfg = Release|Any CPU
		{7B433509-82B7-47C9-A5EC-F9EA79D27446}.Release|iPhone.ActiveCfg = Release|Any CPU
		{7B433509-82B7-47C9-A5EC-F9EA79D27446}.Release|iPhoneSimulator.ActiveCfg = Release|Any CPU
		{7B433509-82B7-47C9-A5EC-F9EA79D27446}.Release|Mixed Platforms.ActiveCfg = Release|Any CPU
		{7B433509-82B7-47C9-A5EC-F9EA79D27446}.Release|Mixed Platforms.Build.0 = Release|Any CPU
		{7B433509-82B7-47C9-A5EC-F9EA79D27446}.Release|x86.ActiveCfg = Release|Any CPU
		{3BA585D9-010A-4A84-AB6E-DDCEE7DB4C35}.Ad-Hoc|Any CPU.ActiveCfg = Ad-Hoc|iPhone
		{3BA585D9-010A-4A84-AB6E-DDCEE7DB4C35}.Ad-Hoc|ARM.ActiveCfg = Ad-Hoc|iPhone
		{3BA585D9-010A-4A84-AB6E-DDCEE7DB4C35}.Ad-Hoc|iPhone.ActiveCfg = Ad-Hoc|iPhone
		{3BA585D9-010A-4A84-AB6E-DDCEE7DB4C35}.Ad-Hoc|iPhone.Build.0 = Ad-Hoc|iPhone
		{3BA585D9-010A-4A84-AB6E-DDCEE7DB4C35}.Ad-Hoc|iPhoneSimulator.ActiveCfg = Ad-Hoc|iPhoneSimulator
		{3BA585D9-010A-4A84-AB6E-DDCEE7DB4C35}.Ad-Hoc|iPhoneSimulator.Build.0 = Ad-Hoc|iPhoneSimulator
		{3BA585D9-010A-4A84-AB6E-DDCEE7DB4C35}.Ad-Hoc|Mixed Platforms.ActiveCfg = Ad-Hoc|iPhone
		{3BA585D9-010A-4A84-AB6E-DDCEE7DB4C35}.Ad-Hoc|Mixed Platforms.Build.0 = Ad-Hoc|iPhone
		{3BA585D9-010A-4A84-AB6E-DDCEE7DB4C35}.Ad-Hoc|x86.ActiveCfg = Ad-Hoc|iPhone
		{3BA585D9-010A-4A84-AB6E-DDCEE7DB4C35}.AppStore|Any CPU.ActiveCfg = AppStore|iPhone
		{3BA585D9-010A-4A84-AB6E-DDCEE7DB4C35}.AppStore|ARM.ActiveCfg = AppStore|iPhone
		{3BA585D9-010A-4A84-AB6E-DDCEE7DB4C35}.AppStore|iPhone.ActiveCfg = AppStore|iPhone
		{3BA585D9-010A-4A84-AB6E-DDCEE7DB4C35}.AppStore|iPhone.Build.0 = AppStore|iPhone
		{3BA585D9-010A-4A84-AB6E-DDCEE7DB4C35}.AppStore|iPhoneSimulator.ActiveCfg = AppStore|iPhoneSimulator
		{3BA585D9-010A-4A84-AB6E-DDCEE7DB4C35}.AppStore|iPhoneSimulator.Build.0 = AppStore|iPhoneSimulator
		{3BA585D9-010A-4A84-AB6E-DDCEE7DB4C35}.AppStore|Mixed Platforms.ActiveCfg = AppStore|iPhone
		{3BA585D9-010A-4A84-AB6E-DDCEE7DB4C35}.AppStore|Mixed Platforms.Build.0 = AppStore|iPhone
		{3BA585D9-010A-4A84-AB6E-DDCEE7DB4C35}.AppStore|x86.ActiveCfg = AppStore|iPhone
		{3BA585D9-010A-4A84-AB6E-DDCEE7DB4C35}.Debug|Any CPU.ActiveCfg = Debug|iPhone
		{3BA585D9-010A-4A84-AB6E-DDCEE7DB4C35}.Debug|ARM.ActiveCfg = Debug|iPhone
		{3BA585D9-010A-4A84-AB6E-DDCEE7DB4C35}.Debug|iPhone.ActiveCfg = Debug|iPhone
		{3BA585D9-010A-4A84-AB6E-DDCEE7DB4C35}.Debug|iPhone.Build.0 = Debug|iPhone
		{3BA585D9-010A-4A84-AB6E-DDCEE7DB4C35}.Debug|iPhoneSimulator.ActiveCfg = Debug|iPhoneSimulator
		{3BA585D9-010A-4A84-AB6E-DDCEE7DB4C35}.Debug|iPhoneSimulator.Build.0 = Debug|iPhoneSimulator
		{3BA585D9-010A-4A84-AB6E-DDCEE7DB4C35}.Debug|Mixed Platforms.ActiveCfg = Debug|iPhoneSimulator
		{3BA585D9-010A-4A84-AB6E-DDCEE7DB4C35}.Debug|Mixed Platforms.Build.0 = Debug|iPhoneSimulator
		{3BA585D9-010A-4A84-AB6E-DDCEE7DB4C35}.Debug|x86.ActiveCfg = Debug|iPhone
		{3BA585D9-010A-4A84-AB6E-DDCEE7DB4C35}.Release|Any CPU.ActiveCfg = Release|iPhone
		{3BA585D9-010A-4A84-AB6E-DDCEE7DB4C35}.Release|ARM.ActiveCfg = Release|iPhone
		{3BA585D9-010A-4A84-AB6E-DDCEE7DB4C35}.Release|iPhone.ActiveCfg = Release|iPhone
		{3BA585D9-010A-4A84-AB6E-DDCEE7DB4C35}.Release|iPhone.Build.0 = Release|iPhone
		{3BA585D9-010A-4A84-AB6E-DDCEE7DB4C35}.Release|iPhoneSimulator.ActiveCfg = Release|iPhoneSimulator
		{3BA585D9-010A-4A84-AB6E-DDCEE7DB4C35}.Release|iPhoneSimulator.Build.0 = Release|iPhoneSimulator
		{3BA585D9-010A-4A84-AB6E-DDCEE7DB4C35}.Release|Mixed Platforms.ActiveCfg = Release|iPhone
		{3BA585D9-010A-4A84-AB6E-DDCEE7DB4C35}.Release|Mixed Platforms.Build.0 = Release|iPhone
		{3BA585D9-010A-4A84-AB6E-DDCEE7DB4C35}.Release|x86.ActiveCfg = Release|iPhone
		{692272F3-D803-4030-9C04-0588CADC0EE9}.Ad-Hoc|Any CPU.ActiveCfg = Release|Any CPU
		{692272F3-D803-4030-9C04-0588CADC0EE9}.Ad-Hoc|Any CPU.Build.0 = Release|Any CPU
		{692272F3-D803-4030-9C04-0588CADC0EE9}.Ad-Hoc|Any CPU.Deploy.0 = Release|Any CPU
		{692272F3-D803-4030-9C04-0588CADC0EE9}.Ad-Hoc|ARM.ActiveCfg = Release|Any CPU
		{692272F3-D803-4030-9C04-0588CADC0EE9}.Ad-Hoc|iPhone.ActiveCfg = Release|Any CPU
		{692272F3-D803-4030-9C04-0588CADC0EE9}.Ad-Hoc|iPhoneSimulator.ActiveCfg = Release|Any CPU
		{692272F3-D803-4030-9C04-0588CADC0EE9}.Ad-Hoc|Mixed Platforms.ActiveCfg = Release|Any CPU
		{692272F3-D803-4030-9C04-0588CADC0EE9}.Ad-Hoc|Mixed Platforms.Build.0 = Release|Any CPU
		{692272F3-D803-4030-9C04-0588CADC0EE9}.Ad-Hoc|Mixed Platforms.Deploy.0 = Release|Any CPU
		{692272F3-D803-4030-9C04-0588CADC0EE9}.Ad-Hoc|x86.ActiveCfg = Release|Any CPU
		{692272F3-D803-4030-9C04-0588CADC0EE9}.AppStore|Any CPU.ActiveCfg = Release|Any CPU
		{692272F3-D803-4030-9C04-0588CADC0EE9}.AppStore|Any CPU.Build.0 = Release|Any CPU
		{692272F3-D803-4030-9C04-0588CADC0EE9}.AppStore|Any CPU.Deploy.0 = Release|Any CPU
		{692272F3-D803-4030-9C04-0588CADC0EE9}.AppStore|ARM.ActiveCfg = Release|Any CPU
		{692272F3-D803-4030-9C04-0588CADC0EE9}.AppStore|iPhone.ActiveCfg = Release|Any CPU
		{692272F3-D803-4030-9C04-0588CADC0EE9}.AppStore|iPhoneSimulator.ActiveCfg = Release|Any CPU
		{692272F3-D803-4030-9C04-0588CADC0EE9}.AppStore|Mixed Platforms.ActiveCfg = Release|Any CPU
		{692272F3-D803-4030-9C04-0588CADC0EE9}.AppStore|Mixed Platforms.Build.0 = Release|Any CPU
		{692272F3-D803-4030-9C04-0588CADC0EE9}.AppStore|Mixed Platforms.Deploy.0 = Release|Any CPU
		{692272F3-D803-4030-9C04-0588CADC0EE9}.AppStore|x86.ActiveCfg = Release|Any CPU
		{692272F3-D803-4030-9C04-0588CADC0EE9}.Debug|Any CPU.ActiveCfg = Debug|Any CPU
		{692272F3-D803-4030-9C04-0588CADC0EE9}.Debug|Any CPU.Build.0 = Debug|Any CPU
		{692272F3-D803-4030-9C04-0588CADC0EE9}.Debug|Any CPU.Deploy.0 = Debug|Any CPU
		{692272F3-D803-4030-9C04-0588CADC0EE9}.Debug|ARM.ActiveCfg = Debug|Any CPU
		{692272F3-D803-4030-9C04-0588CADC0EE9}.Debug|iPhone.ActiveCfg = Debug|Any CPU
		{692272F3-D803-4030-9C04-0588CADC0EE9}.Debug|iPhoneSimulator.ActiveCfg = Debug|Any CPU
		{692272F3-D803-4030-9C04-0588CADC0EE9}.Debug|Mixed Platforms.ActiveCfg = Debug|Any CPU
		{692272F3-D803-4030-9C04-0588CADC0EE9}.Debug|Mixed Platforms.Build.0 = Debug|Any CPU
		{692272F3-D803-4030-9C04-0588CADC0EE9}.Debug|Mixed Platforms.Deploy.0 = Debug|Any CPU
		{692272F3-D803-4030-9C04-0588CADC0EE9}.Debug|x86.ActiveCfg = Debug|Any CPU
		{692272F3-D803-4030-9C04-0588CADC0EE9}.Release|Any CPU.ActiveCfg = Release|Any CPU
		{692272F3-D803-4030-9C04-0588CADC0EE9}.Release|Any CPU.Build.0 = Release|Any CPU
		{692272F3-D803-4030-9C04-0588CADC0EE9}.Release|Any CPU.Deploy.0 = Release|Any CPU
		{692272F3-D803-4030-9C04-0588CADC0EE9}.Release|ARM.ActiveCfg = Release|Any CPU
		{692272F3-D803-4030-9C04-0588CADC0EE9}.Release|iPhone.ActiveCfg = Release|Any CPU
		{692272F3-D803-4030-9C04-0588CADC0EE9}.Release|iPhoneSimulator.ActiveCfg = Release|Any CPU
		{692272F3-D803-4030-9C04-0588CADC0EE9}.Release|Mixed Platforms.ActiveCfg = Release|Any CPU
		{692272F3-D803-4030-9C04-0588CADC0EE9}.Release|Mixed Platforms.Build.0 = Release|Any CPU
		{692272F3-D803-4030-9C04-0588CADC0EE9}.Release|Mixed Platforms.Deploy.0 = Release|Any CPU
		{692272F3-D803-4030-9C04-0588CADC0EE9}.Release|x86.ActiveCfg = Release|Any CPU
		{3451CE77-5F27-46D2-BE4A-6A990C736E21}.Ad-Hoc|Any CPU.ActiveCfg = Release|Any CPU
		{3451CE77-5F27-46D2-BE4A-6A990C736E21}.Ad-Hoc|Any CPU.Build.0 = Release|Any CPU
		{3451CE77-5F27-46D2-BE4A-6A990C736E21}.Ad-Hoc|Any CPU.Deploy.0 = Release|Any CPU
		{3451CE77-5F27-46D2-BE4A-6A990C736E21}.Ad-Hoc|ARM.ActiveCfg = Release|ARM
		{3451CE77-5F27-46D2-BE4A-6A990C736E21}.Ad-Hoc|ARM.Build.0 = Release|ARM
		{3451CE77-5F27-46D2-BE4A-6A990C736E21}.Ad-Hoc|ARM.Deploy.0 = Release|ARM
		{3451CE77-5F27-46D2-BE4A-6A990C736E21}.Ad-Hoc|iPhone.ActiveCfg = Release|Any CPU
		{3451CE77-5F27-46D2-BE4A-6A990C736E21}.Ad-Hoc|iPhoneSimulator.ActiveCfg = Release|Any CPU
		{3451CE77-5F27-46D2-BE4A-6A990C736E21}.Ad-Hoc|Mixed Platforms.ActiveCfg = Release|x86
		{3451CE77-5F27-46D2-BE4A-6A990C736E21}.Ad-Hoc|Mixed Platforms.Build.0 = Release|x86
		{3451CE77-5F27-46D2-BE4A-6A990C736E21}.Ad-Hoc|Mixed Platforms.Deploy.0 = Release|x86
		{3451CE77-5F27-46D2-BE4A-6A990C736E21}.Ad-Hoc|x86.ActiveCfg = Release|x86
		{3451CE77-5F27-46D2-BE4A-6A990C736E21}.Ad-Hoc|x86.Build.0 = Release|x86
		{3451CE77-5F27-46D2-BE4A-6A990C736E21}.Ad-Hoc|x86.Deploy.0 = Release|x86
		{3451CE77-5F27-46D2-BE4A-6A990C736E21}.AppStore|Any CPU.ActiveCfg = Release|Any CPU
		{3451CE77-5F27-46D2-BE4A-6A990C736E21}.AppStore|Any CPU.Build.0 = Release|Any CPU
		{3451CE77-5F27-46D2-BE4A-6A990C736E21}.AppStore|Any CPU.Deploy.0 = Release|Any CPU
		{3451CE77-5F27-46D2-BE4A-6A990C736E21}.AppStore|ARM.ActiveCfg = Release|ARM
		{3451CE77-5F27-46D2-BE4A-6A990C736E21}.AppStore|ARM.Build.0 = Release|ARM
		{3451CE77-5F27-46D2-BE4A-6A990C736E21}.AppStore|ARM.Deploy.0 = Release|ARM
		{3451CE77-5F27-46D2-BE4A-6A990C736E21}.AppStore|iPhone.ActiveCfg = Release|Any CPU
		{3451CE77-5F27-46D2-BE4A-6A990C736E21}.AppStore|iPhoneSimulator.ActiveCfg = Release|Any CPU
		{3451CE77-5F27-46D2-BE4A-6A990C736E21}.AppStore|Mixed Platforms.ActiveCfg = Release|x86
		{3451CE77-5F27-46D2-BE4A-6A990C736E21}.AppStore|Mixed Platforms.Build.0 = Release|x86
		{3451CE77-5F27-46D2-BE4A-6A990C736E21}.AppStore|Mixed Platforms.Deploy.0 = Release|x86
		{3451CE77-5F27-46D2-BE4A-6A990C736E21}.AppStore|x86.ActiveCfg = Release|x86
		{3451CE77-5F27-46D2-BE4A-6A990C736E21}.AppStore|x86.Build.0 = Release|x86
		{3451CE77-5F27-46D2-BE4A-6A990C736E21}.AppStore|x86.Deploy.0 = Release|x86
		{3451CE77-5F27-46D2-BE4A-6A990C736E21}.Debug|Any CPU.ActiveCfg = Debug|Any CPU
		{3451CE77-5F27-46D2-BE4A-6A990C736E21}.Debug|ARM.ActiveCfg = Debug|ARM
		{3451CE77-5F27-46D2-BE4A-6A990C736E21}.Debug|ARM.Build.0 = Debug|ARM
		{3451CE77-5F27-46D2-BE4A-6A990C736E21}.Debug|ARM.Deploy.0 = Debug|ARM
		{3451CE77-5F27-46D2-BE4A-6A990C736E21}.Debug|iPhone.ActiveCfg = Debug|Any CPU
		{3451CE77-5F27-46D2-BE4A-6A990C736E21}.Debug|iPhoneSimulator.ActiveCfg = Debug|Any CPU
		{3451CE77-5F27-46D2-BE4A-6A990C736E21}.Debug|Mixed Platforms.ActiveCfg = Debug|x86
		{3451CE77-5F27-46D2-BE4A-6A990C736E21}.Debug|Mixed Platforms.Build.0 = Debug|x86
		{3451CE77-5F27-46D2-BE4A-6A990C736E21}.Debug|Mixed Platforms.Deploy.0 = Debug|x86
		{3451CE77-5F27-46D2-BE4A-6A990C736E21}.Debug|x86.ActiveCfg = Debug|x86
		{3451CE77-5F27-46D2-BE4A-6A990C736E21}.Debug|x86.Build.0 = Debug|x86
		{3451CE77-5F27-46D2-BE4A-6A990C736E21}.Debug|x86.Deploy.0 = Debug|x86
		{3451CE77-5F27-46D2-BE4A-6A990C736E21}.Release|Any CPU.ActiveCfg = Release|Any CPU
		{3451CE77-5F27-46D2-BE4A-6A990C736E21}.Release|Any CPU.Build.0 = Release|Any CPU
		{3451CE77-5F27-46D2-BE4A-6A990C736E21}.Release|Any CPU.Deploy.0 = Release|Any CPU
		{3451CE77-5F27-46D2-BE4A-6A990C736E21}.Release|ARM.ActiveCfg = Release|ARM
		{3451CE77-5F27-46D2-BE4A-6A990C736E21}.Release|ARM.Build.0 = Release|ARM
		{3451CE77-5F27-46D2-BE4A-6A990C736E21}.Release|ARM.Deploy.0 = Release|ARM
		{3451CE77-5F27-46D2-BE4A-6A990C736E21}.Release|iPhone.ActiveCfg = Release|Any CPU
		{3451CE77-5F27-46D2-BE4A-6A990C736E21}.Release|iPhoneSimulator.ActiveCfg = Release|Any CPU
		{3451CE77-5F27-46D2-BE4A-6A990C736E21}.Release|Mixed Platforms.ActiveCfg = Release|x86
		{3451CE77-5F27-46D2-BE4A-6A990C736E21}.Release|Mixed Platforms.Build.0 = Release|x86
		{3451CE77-5F27-46D2-BE4A-6A990C736E21}.Release|Mixed Platforms.Deploy.0 = Release|x86
		{3451CE77-5F27-46D2-BE4A-6A990C736E21}.Release|x86.ActiveCfg = Release|x86
		{3451CE77-5F27-46D2-BE4A-6A990C736E21}.Release|x86.Build.0 = Release|x86
		{3451CE77-5F27-46D2-BE4A-6A990C736E21}.Release|x86.Deploy.0 = Release|x86
	EndGlobalSection
	GlobalSection(SolutionProperties) = preSolution
		HideSolutionNode = FALSE
	EndGlobalSection
EndGlobal
